
Microsoft Visual Studio Solution File, Format Version 12.00
# Visual Studio Version 16
VisualStudioVersion = 16.0.30413.136
MinimumVisualStudioVersion = 10.0.40219.1
Project("{9A19103F-16F7-4668-BE54-9A1E7A4F7556}") = "DotNetGrpcSchemaGenerator", "DotNetGrpcSchemaGenerator\DotNetGrpcSchemaGenerator.csproj", "{DA4F23B8-BEA6-44D0-900B-1E9F85194468}"
EndProject
Project("{9A19103F-16F7-4668-BE54-9A1E7A4F7556}") = "DotNetGrpcSchemaGenerator.Core", "DotNetGrpcSchemaGenerator.Core\DotNetGrpcSchemaGenerator.Core.csproj", "{5D6F9AD3-0801-428A-8564-79DE96A61738}"
EndProject
Project("{9A19103F-16F7-4668-BE54-9A1E7A4F7556}") = "DotNetGrpcSchemaGenerator.Debugger", "DotNetGrpcSchemaGenerator.Debugger\DotNetGrpcSchemaGenerator.Debugger.csproj", "{4E641FE8-C051-49D8-8AB1-329709136F2A}"
EndProject
Global
	GlobalSection(SolutionConfigurationPlatforms) = preSolution
		Debug|Any CPU = Debug|Any CPU
		Release|Any CPU = Release|Any CPU
	EndGlobalSection
	GlobalSection(ProjectConfigurationPlatforms) = postSolution
		{DA4F23B8-BEA6-44D0-900B-1E9F85194468}.Debug|Any CPU.ActiveCfg = Debug|Any CPU
		{DA4F23B8-BEA6-44D0-900B-1E9F85194468}.Debug|Any CPU.Build.0 = Debug|Any CPU
		{DA4F23B8-BEA6-44D0-900B-1E9F85194468}.Release|Any CPU.ActiveCfg = Release|Any CPU
		{DA4F23B8-BEA6-44D0-900B-1E9F85194468}.Release|Any CPU.Build.0 = Release|Any CPU
		{5D6F9AD3-0801-428A-8564-79DE96A61738}.Debug|Any CPU.ActiveCfg = Debug|Any CPU
		{5D6F9AD3-0801-428A-8564-79DE96A61738}.Debug|Any CPU.Build.0 = Debug|Any CPU
		{5D6F9AD3-0801-428A-8564-79DE96A61738}.Release|Any CPU.ActiveCfg = Release|Any CPU
		{5D6F9AD3-0801-428A-8564-79DE96A61738}.Release|Any CPU.Build.0 = Release|Any CPU
		{4E641FE8-C051-49D8-8AB1-329709136F2A}.Debug|Any CPU.ActiveCfg = Debug|Any CPU
		{4E641FE8-C051-49D8-8AB1-329709136F2A}.Debug|Any CPU.Build.0 = Debug|Any CPU
		{4E641FE8-C051-49D8-8AB1-329709136F2A}.Release|Any CPU.ActiveCfg = Release|Any CPU
		{4E641FE8-C051-49D8-8AB1-329709136F2A}.Release|Any CPU.Build.0 = Release|Any CPU
	EndGlobalSection
	GlobalSection(SolutionProperties) = preSolution
		HideSolutionNode = FALSE
	EndGlobalSection
	GlobalSection(ExtensibilityGlobals) = postSolution
		SolutionGuid = {2483C0C3-40D1-408D-8C81-78EC69829B82}
	EndGlobalSection
EndGlobal
